
Microsoft Visual Studio Solution File, Format Version 12.00
# Visual Studio 15
VisualStudioVersion = 15.0.27428.2005
MinimumVisualStudioVersion = 10.0.40219.1
Project("{FAE04EC0-301F-11D3-BF4B-00C04F79EFBC}") = "RealFalcons-KSP1.10", "Pmborg-RealFalcons\RealFalcons-KSP1.10.csproj", "{51DBDB90-D5C7-40DF-AA10-7FD4AE15B63C}"
	ProjectSection(ProjectDependencies) = postProject
		{BE4D6925-B9DE-4326-8845-81AE8FEAAECB} = {BE4D6925-B9DE-4326-8845-81AE8FEAAECB}
	EndProjectSection
EndProject
Project("{2150E333-8FDC-42A3-9474-1A3956D46DE8}") = "Solution Items", "Solution Items", "{94315751-C128-4AD2-A891-67D8BAF3FE1E}"
	ProjectSection(SolutionItems) = preProject
		Pmborg-RealFalcons\AssemblyVersion.cs = Pmborg-RealFalcons\AssemblyVersion.cs
		ChangeLog.txt = ChangeLog.txt
		LICENSE = LICENSE
		Pmborg-RealFalcons.version = Pmborg-RealFalcons.version
		README.md = README.md
	EndProjectSection
EndProject
Project("{FAE04EC0-301F-11D3-BF4B-00C04F79EFBC}") = "RealFalcons(1.9-1.10)", "Pmborg-RealFalcons\RealFalcons(1.9-1.10).csproj", "{BE4D6925-B9DE-4326-8845-81AE8FEAAECB}"
EndProject
Global
	GlobalSection(SolutionConfigurationPlatforms) = preSolution
		Debug|Any CPU = Debug|Any CPU
		Release|Any CPU = Release|Any CPU
	EndGlobalSection
	GlobalSection(ProjectConfigurationPlatforms) = postSolution
		{51DBDB90-D5C7-40DF-AA10-7FD4AE15B63C}.Debug|Any CPU.ActiveCfg = Dbg1.10|Any CPU
		{51DBDB90-D5C7-40DF-AA10-7FD4AE15B63C}.Debug|Any CPU.Build.0 = Dbg1.10|Any CPU
		{51DBDB90-D5C7-40DF-AA10-7FD4AE15B63C}.Release|Any CPU.ActiveCfg = Release|Any CPU
		{51DBDB90-D5C7-40DF-AA10-7FD4AE15B63C}.Release|Any CPU.Build.0 = Release|Any CPU
		{BE4D6925-B9DE-4326-8845-81AE8FEAAECB}.Debug|Any CPU.ActiveCfg = Dbg1.9|Any CPU
		{BE4D6925-B9DE-4326-8845-81AE8FEAAECB}.Debug|Any CPU.Build.0 = Dbg1.9|Any CPU
		{BE4D6925-B9DE-4326-8845-81AE8FEAAECB}.Release|Any CPU.ActiveCfg = Release|Any CPU
		{BE4D6925-B9DE-4326-8845-81AE8FEAAECB}.Release|Any CPU.Build.0 = Release|Any CPU
	EndGlobalSection
	GlobalSection(SolutionProperties) = preSolution
		HideSolutionNode = FALSE
	EndGlobalSection
	GlobalSection(ExtensibilityGlobals) = postSolution
		SolutionGuid = {9B11DADE-A07D-4A7A-BE58-8EDBA28B627D}
	EndGlobalSection
	GlobalSection(MonoDevelopProperties) = preSolution
		Policies = $0
		$0.DotNetNamingPolicy = $1
		$1.DirectoryNamespaceAssociation = None
		$1.ResourceNamePolicy = FileFormatDefault
		$0.TextStylePolicy = $4
		$2.inheritsSet = null
		$2.scope = text/x-csharp
		$0.CSharpFormattingPolicy = $3
		$3.AfterDelegateDeclarationParameterComma = True
		$3.inheritsSet = Mono
		$3.inheritsScope = text/x-csharp
		$3.scope = text/x-csharp
		$4.FileWidth = 120
		$4.TabsToSpaces = False
		$4.inheritsSet = VisualStudio
		$4.inheritsScope = text/plain
		$4.scope = text/plain
		$0.VersionControlPolicy = $5
		$5.inheritsSet = Mono
	EndGlobalSection
EndGlobal
